
Microsoft Visual Studio Solution File, Format Version 12.00
# Visual Studio Version 17
VisualStudioVersion = 17.12.35527.113
MinimumVisualStudioVersion = 10.0.40219.1
Project("{FAE04EC0-301F-11D3-BF4B-00C04F79EFBC}") = "AplikacjaTrenowania", "AplikacjaTrenowania\AplikacjaTrenowania.csproj", "{F181B0DE-8B4B-4C80-A00E-EE02D4AC20EE}"
EndProject
Global
	GlobalSection(SolutionConfigurationPlatforms) = preSolution
		Debug|Any CPU = Debug|Any CPU
		Release|Any CPU = Release|Any CPU
	EndGlobalSection
	GlobalSection(ProjectConfigurationPlatforms) = postSolution
		{F181B0DE-8B4B-4C80-A00E-EE02D4AC20EE}.Debug|Any CPU.ActiveCfg = Debug|Any CPU
		{F181B0DE-8B4B-4C80-A00E-EE02D4AC20EE}.Debug|Any CPU.Build.0 = Debug|Any CPU
		{F181B0DE-8B4B-4C80-A00E-EE02D4AC20EE}.Release|Any CPU.ActiveCfg = Release|Any CPU
		{F181B0DE-8B4B-4C80-A00E-EE02D4AC20EE}.Release|Any CPU.Build.0 = Release|Any CPU
	EndGlobalSection
	GlobalSection(SolutionProperties) = preSolution
		HideSolutionNode = FALSE
	EndGlobalSection
EndGlobal
